
Microsoft Visual Studio Solution File, Format Version 12.00
# Visual Studio Version 16
VisualStudioVersion = 16.0.30611.23
MinimumVisualStudioVersion = 10.0.40219.1
Project("{FAE04EC0-301F-11D3-BF4B-00C04F79EFBC}") = "PaymentContext.Domain", "PaymentContext.Domain\PaymentContext.Domain.csproj", "{7085BF25-1626-40A5-B779-CBAB2F48CB9B}"
EndProject
Project("{FAE04EC0-301F-11D3-BF4B-00C04F79EFBC}") = "PaymentContext.Shared", "PaymentContext.Shared\PaymentContext.Shared.csproj", "{F5FBD857-A0CB-4761-99E0-FA5543E3A95A}"
EndProject
Project("{FAE04EC0-301F-11D3-BF4B-00C04F79EFBC}") = "PaymentContext.Tests", "PaymentContext.Tests\PaymentContext.Tests.csproj", "{43718BC7-653A-4A6F-ACF9-27BCAE6F9178}"
EndProject
Global
	GlobalSection(SolutionConfigurationPlatforms) = preSolution
		Debug|Any CPU = Debug|Any CPU
		Release|Any CPU = Release|Any CPU
	EndGlobalSection
	GlobalSection(ProjectConfigurationPlatforms) = postSolution
		{7085BF25-1626-40A5-B779-CBAB2F48CB9B}.Debug|Any CPU.ActiveCfg = Debug|Any CPU
		{7085BF25-1626-40A5-B779-CBAB2F48CB9B}.Debug|Any CPU.Build.0 = Debug|Any CPU
		{7085BF25-1626-40A5-B779-CBAB2F48CB9B}.Release|Any CPU.ActiveCfg = Release|Any CPU
		{7085BF25-1626-40A5-B779-CBAB2F48CB9B}.Release|Any CPU.Build.0 = Release|Any CPU
		{F5FBD857-A0CB-4761-99E0-FA5543E3A95A}.Debug|Any CPU.ActiveCfg = Debug|Any CPU
		{F5FBD857-A0CB-4761-99E0-FA5543E3A95A}.Debug|Any CPU.Build.0 = Debug|Any CPU
		{F5FBD857-A0CB-4761-99E0-FA5543E3A95A}.Release|Any CPU.ActiveCfg = Release|Any CPU
		{F5FBD857-A0CB-4761-99E0-FA5543E3A95A}.Release|Any CPU.Build.0 = Release|Any CPU
		{43718BC7-653A-4A6F-ACF9-27BCAE6F9178}.Debug|Any CPU.ActiveCfg = Debug|Any CPU
		{43718BC7-653A-4A6F-ACF9-27BCAE6F9178}.Debug|Any CPU.Build.0 = Debug|Any CPU
		{43718BC7-653A-4A6F-ACF9-27BCAE6F9178}.Release|Any CPU.ActiveCfg = Release|Any CPU
		{43718BC7-653A-4A6F-ACF9-27BCAE6F9178}.Release|Any CPU.Build.0 = Release|Any CPU
	EndGlobalSection
	GlobalSection(SolutionProperties) = preSolution
		HideSolutionNode = FALSE
	EndGlobalSection
	GlobalSection(ExtensibilityGlobals) = postSolution
		SolutionGuid = {92BD3257-2880-44A5-B886-B9060EB954F9}
	EndGlobalSection
EndGlobal
